
Microsoft Visual Studio Solution File, Format Version 12.00
# Visual Studio Version 17
VisualStudioVersion = 17.7.34009.444
MinimumVisualStudioVersion = 10.0.40219.1
Project("{9A19103F-16F7-4668-BE54-9A1E7A4F7556}") = "WifiConnect", "WifiConnect\WifiConnect.csproj", "{1BF4224A-E436-4664-BB16-73782EB989E2}"
EndProject
Project("{FAE04EC0-301F-11D3-BF4B-00C04F79EFBC}") = "WifiConnectTest", "WifiConnectTest\WifiConnectTest.csproj", "{3AADDC19-AFF0-4273-8645-1905DA57893A}"
EndProject
Global
	GlobalSection(SolutionConfigurationPlatforms) = preSolution
		Debug|Any CPU = Debug|Any CPU
		Release|Any CPU = Release|Any CPU
	EndGlobalSection
	GlobalSection(ProjectConfigurationPlatforms) = postSolution
		{1BF4224A-E436-4664-BB16-73782EB989E2}.Debug|Any CPU.ActiveCfg = Debug|Any CPU
		{1BF4224A-E436-4664-BB16-73782EB989E2}.Debug|Any CPU.Build.0 = Debug|Any CPU
		{1BF4224A-E436-4664-BB16-73782EB989E2}.Release|Any CPU.ActiveCfg = Release|Any CPU
		{1BF4224A-E436-4664-BB16-73782EB989E2}.Release|Any CPU.Build.0 = Release|Any CPU
		{3AADDC19-AFF0-4273-8645-1905DA57893A}.Debug|Any CPU.ActiveCfg = Debug|Any CPU
		{3AADDC19-AFF0-4273-8645-1905DA57893A}.Debug|Any CPU.Build.0 = Debug|Any CPU
		{3AADDC19-AFF0-4273-8645-1905DA57893A}.Release|Any CPU.ActiveCfg = Release|Any CPU
		{3AADDC19-AFF0-4273-8645-1905DA57893A}.Release|Any CPU.Build.0 = Release|Any CPU
	EndGlobalSection
	GlobalSection(SolutionProperties) = preSolution
		HideSolutionNode = FALSE
	EndGlobalSection
	GlobalSection(ExtensibilityGlobals) = postSolution
		SolutionGuid = {4D31AE26-ACBD-4D44-A3AA-24428503FCFA}
	EndGlobalSection
EndGlobal
